<Solution>
  <Project Path="01-Presentation/Presentation.csproj">
    <Build Solution="Debug|*" Project="false" />
  </Project>
  <Project Path="02-Application/Application.csproj">
    <Build Solution="Debug|*" Project="false" />
  </Project>
  <Project Path="03-Infrastructure/Infrastructure.csproj">
    <Build Solution="Debug|*" Project="false" />
  </Project>
  <Project Path="04-Domain/Domain.csproj">
    <Build Solution="Debug|*" Project="false" />
  </Project>
  <Project Path="05-Tests/Testes.csproj">
    <Build Solution="Debug|*" Project="false" />
  </Project>
</Solution>
